
Microsoft Visual Studio Solution File, Format Version 12.00
# Visual Studio Version 16
VisualStudioVersion = 16.0.32002.261
MinimumVisualStudioVersion = 10.0.40219.1
Project("{FAE04EC0-301F-11D3-BF4B-00C04F79EFBC}") = "WebcamDll", "WebcamDll.csproj", "{FD03F5B0-2B7D-4C87-91CF-ECB34541C8FD}"
EndProject
Global
	GlobalSection(SolutionConfigurationPlatforms) = preSolution
		Debug|Any CPU = Debug|Any CPU
		Release|Any CPU = Release|Any CPU
	EndGlobalSection
	GlobalSection(ProjectConfigurationPlatforms) = postSolution
		{FD03F5B0-2B7D-4C87-91CF-ECB34541C8FD}.Debug|Any CPU.ActiveCfg = Debug|Any CPU
		{FD03F5B0-2B7D-4C87-91CF-ECB34541C8FD}.Debug|Any CPU.Build.0 = Debug|Any CPU
		{FD03F5B0-2B7D-4C87-91CF-ECB34541C8FD}.Release|Any CPU.ActiveCfg = Release|Any CPU
		{FD03F5B0-2B7D-4C87-91CF-ECB34541C8FD}.Release|Any CPU.Build.0 = Release|Any CPU
	EndGlobalSection
	GlobalSection(SolutionProperties) = preSolution
		HideSolutionNode = FALSE
	EndGlobalSection
	GlobalSection(ExtensibilityGlobals) = postSolution
		SolutionGuid = {08CAC4AD-85BF-4A05-A760-DC5D2D9C0B99}
	EndGlobalSection
EndGlobal
